{
  "name": "adventofcode2023",
  "version": "1.0.0",
  "lockfileVersion": 3,
  "requires": true,
  "packages": {
    "": {
      "name": "adventofcode2023",
      "version": "1.0.0",
      "license": "ISC",
      "dependencies": {
        "microjob": "^0.7.0"
      }
    },
    "node_modules/microjob": {
      "version": "0.7.0",
      "resolved": "https://registry.npmjs.org/microjob/-/microjob-0.7.0.tgz",
      "integrity": "sha512-ofDpqaVEv67ymCYdCE8eIVMCJY0H/hAtGxYmi1pXjtNkLOM0UUuUDshA1YLdVFwPwwt5+SW9EbBtSfsNokf+PA==",
      "engines": {
        "node": ">=10.5.0",
        "npm": ">= 6.0.0"
      }
    }
  }
}
